// !$*UTF8*$!
{
	archiveVersion = 1;
	classes = {
	};
	objectVersion = 55;
	objects = {

/* Begin PBXBuildFile section */
		8B28EECB28968BAE00513597 /* Mosque_iosApp.swift in Sources */ = {isa = PBXBuildFile; fileRef = 8B28EEA328968BAD00513597 /* Mosque_iosApp.swift */; };
		8B28EECC28968BAE00513597 /* Mosque_iosApp.swift in Sources */ = {isa = PBXBuildFile; fileRef = 8B28EEA328968BAD00513597 /* Mosque_iosApp.swift */; };
		8B28EECD28968BAE00513597 /* ContentView.swift in Sources */ = {isa = PBXBuildFile; fileRef = 8B28EEA428968BAD00513597 /* ContentView.swift */; };
		8B28EECE28968BAE00513597 /* ContentView.swift in Sources */ = {isa = PBXBuildFile; fileRef = 8B28EEA428968BAD00513597 /* ContentView.swift */; };
		8B28EECF28968BAE00513597 /* Assets.xcassets in Resources */ = {isa = PBXBuildFile; fileRef = 8B28EEA528968BAE00513597 /* Assets.xcassets */; };
		8B28EED028968BAE00513597 /* Assets.xcassets in Resources */ = {isa = PBXBuildFile; fileRef = 8B28EEA528968BAE00513597 /* Assets.xcassets */; };
		8BB12C5828968CA100AE259B /* LocationView.swift in Sources */ = {isa = PBXBuildFile; fileRef = 8BB12C5728968CA100AE259B /* LocationView.swift */; };
		8BB12C5A28968CB300AE259B /* LocationsListView.swift in Sources */ = {isa = PBXBuildFile; fileRef = 8BB12C5928968CB300AE259B /* LocationsListView.swift */; };
		8BB12C5C28968CBD00AE259B /* LocationPreviewView.swift in Sources */ = {isa = PBXBuildFile; fileRef = 8BB12C5B28968CBD00AE259B /* LocationPreviewView.swift */; };
		8BB12C5E28968CC900AE259B /* LocationMapAnnotionView.swift in Sources */ = {isa = PBXBuildFile; fileRef = 8BB12C5D28968CC900AE259B /* LocationMapAnnotionView.swift */; };
		8BB12C6028968CDC00AE259B /* LocationsViewModel.swift in Sources */ = {isa = PBXBuildFile; fileRef = 8BB12C5F28968CDC00AE259B /* LocationsViewModel.swift */; };
		8BB12C6228968CEF00AE259B /* LocationsDataServices.swift in Sources */ = {isa = PBXBuildFile; fileRef = 8BB12C6128968CEF00AE259B /* LocationsDataServices.swift */; };
		8BB12C6428968CF900AE259B /* Location.swift in Sources */ = {isa = PBXBuildFile; fileRef = 8BB12C6328968CF900AE259B /* Location.swift */; };
/* End PBXBuildFile section */

/* Begin PBXContainerItemProxy section */
		8B28EEB828968BAE00513597 /* PBXContainerItemProxy */ = {
			isa = PBXContainerItemProxy;
			containerPortal = 8B28EE9E28968BAC00513597 /* Project object */;
			proxyType = 1;
			remoteGlobalIDString = 8B28EEA928968BAE00513597;
			remoteInfo = "Mosque-ios (iOS)";
		};
		8B28EEC428968BAE00513597 /* PBXContainerItemProxy */ = {
			isa = PBXContainerItemProxy;
			containerPortal = 8B28EE9E28968BAC00513597 /* Project object */;
			proxyType = 1;
			remoteGlobalIDString = 8B28EEAF28968BAE00513597;
			remoteInfo = "Mosque-ios (macOS)";
		};
/* End PBXContainerItemProxy section */

/* Begin PBXFileReference section */
		8B28EEA328968BAD00513597 /* Mosque_iosApp.swift */ = {isa = PBXFileReference; lastKnownFileType = sourcecode.swift; path = Mosque_iosApp.swift; sourceTree = "<group>"; };
		8B28EEA428968BAD00513597 /* ContentView.swift */ = {isa = PBXFileReference; lastKnownFileType = sourcecode.swift; path = ContentView.swift; sourceTree = "<group>"; };
		8B28EEA528968BAE00513597 /* Assets.xcassets */ = {isa = PBXFileReference; lastKnownFileType = folder.assetcatalog; path = Assets.xcassets; sourceTree = "<group>"; };
		8B28EEAA28968BAE00513597 /* Mosque-ios.app */ = {isa = PBXFileReference; explicitFileType = wrapper.application; includeInIndex = 0; path = "Mosque-ios.app"; sourceTree = BUILT_PRODUCTS_DIR; };
		8B28EEB028968BAE00513597 /* Mosque-ios.app */ = {isa = PBXFileReference; explicitFileType = wrapper.application; includeInIndex = 0; path = "Mosque-ios.app"; sourceTree = BUILT_PRODUCTS_DIR; };
		8B28EEB728968BAE00513597 /* Tests iOS.xctest */ = {isa = PBXFileReference; explicitFileType = wrapper.cfbundle; includeInIndex = 0; path = "Tests iOS.xctest"; sourceTree = BUILT_PRODUCTS_DIR; };
		8B28EEC328968BAE00513597 /* Tests macOS.xctest */ = {isa = PBXFileReference; explicitFileType = wrapper.cfbundle; includeInIndex = 0; path = "Tests macOS.xctest"; sourceTree = BUILT_PRODUCTS_DIR; };
		8BB12C5728968CA100AE259B /* LocationView.swift */ = {isa = PBXFileReference; lastKnownFileType = sourcecode.swift; path = LocationView.swift; sourceTree = "<group>"; };
		8BB12C5928968CB300AE259B /* LocationsListView.swift */ = {isa = PBXFileReference; lastKnownFileType = sourcecode.swift; path = LocationsListView.swift; sourceTree = "<group>"; };
		8BB12C5B28968CBD00AE259B /* LocationPreviewView.swift */ = {isa = PBXFileReference; lastKnownFileType = sourcecode.swift; path = LocationPreviewView.swift; sourceTree = "<group>"; };
		8BB12C5D28968CC900AE259B /* LocationMapAnnotionView.swift */ = {isa = PBXFileReference; lastKnownFileType = sourcecode.swift; path = LocationMapAnnotionView.swift; sourceTree = "<group>"; };
		8BB12C5F28968CDC00AE259B /* LocationsViewModel.swift */ = {isa = PBXFileReference; lastKnownFileType = sourcecode.swift; path = LocationsViewModel.swift; sourceTree = "<group>"; };
		8BB12C6128968CEF00AE259B /* LocationsDataServices.swift */ = {isa = PBXFileReference; lastKnownFileType = sourcecode.swift; path = LocationsDataServices.swift; sourceTree = "<group>"; };
		8BB12C6328968CF900AE259B /* Location.swift */ = {isa = PBXFileReference; lastKnownFileType = sourcecode.swift; path = Location.swift; sourceTree = "<group>"; };
/* End PBXFileReference section */

/* Begin PBXFrameworksBuildPhase section */
		8B28EEA728968BAE00513597 /* Frameworks */ = {
			isa = PBXFrameworksBuildPhase;
			buildActionMask = 2147483647;
			files = (
			);
			runOnlyForDeploymentPostprocessing = 0;
		};
		8B28EEAD28968BAE00513597 /* Frameworks */ = {
			isa = PBXFrameworksBuildPhase;
			buildActionMask = 2147483647;
			files = (
			);
			runOnlyForDeploymentPostprocessing = 0;
		};
		8B28EEB428968BAE00513597 /* Frameworks */ = {
			isa = PBXFrameworksBuildPhase;
			buildActionMask = 2147483647;
			files = (
			);
			runOnlyForDeploymentPostprocessing = 0;
		};
		8B28EEC028968BAE00513597 /* Frameworks */ = {
			isa = PBXFrameworksBuildPhase;
			buildActionMask = 2147483647;
			files = (
			);
			runOnlyForDeploymentPostprocessing = 0;
		};
/* End PBXFrameworksBuildPhase section */

/* Begin PBXGroup section */
		8B28EE9D28968BAC00513597 = {
			isa = PBXGroup;
			children = (
				8B28EEA228968BAD00513597 /* Shared */,
				8B28EEAB28968BAE00513597 /* Products */,
			);
			sourceTree = "<group>";
		};
		8B28EEA228968BAD00513597 /* Shared */ = {
			isa = PBXGroup;
			children = (
				8BB12C5628968C9300AE259B /* Models */,
				8BB12C5528968C8A00AE259B /* DataServices */,
				8BB12C5428968C8200AE259B /* ViewModels */,
				8BB12C5328968C7800AE259B /* Views */,
				8B28EEA328968BAD00513597 /* Mosque_iosApp.swift */,
				8B28EEA428968BAD00513597 /* ContentView.swift */,
				8B28EEA528968BAE00513597 /* Assets.xcassets */,
			);
			name = Shared;
			path = "/Users/safarsafarov/Desktop/Mappy-iOS/Mosque-ios/Shared";
			sourceTree = "<absolute>";
		};
		8B28EEAB28968BAE00513597 /* Products */ = {
			isa = PBXGroup;
			children = (
				8B28EEAA28968BAE00513597 /* Mosque-ios.app */,
				8B28EEB028968BAE00513597 /* Mosque-ios.app */,
				8B28EEB728968BAE00513597 /* Tests iOS.xctest */,
				8B28EEC328968BAE00513597 /* Tests macOS.xctest */,
			);
			name = Products;
			sourceTree = "<group>";
		};
		8BB12C5328968C7800AE259B /* Views */ = {
			isa = PBXGroup;
			children = (
				8BB12C5728968CA100AE259B /* LocationView.swift */,
				8BB12C5928968CB300AE259B /* LocationsListView.swift */,
				8BB12C5B28968CBD00AE259B /* LocationPreviewView.swift */,
				8BB12C5D28968CC900AE259B /* LocationMapAnnotionView.swift */,
			);
			path = Views;
			sourceTree = "<group>";
		};
		8BB12C5428968C8200AE259B /* ViewModels */ = {
			isa = PBXGroup;
			children = (
				8BB12C5F28968CDC00AE259B /* LocationsViewModel.swift */,
			);
			path = ViewModels;
			sourceTree = "<group>";
		};
		8BB12C5528968C8A00AE259B /* DataServices */ = {
			isa = PBXGroup;
			children = (
				8BB12C6128968CEF00AE259B /* LocationsDataServices.swift */,
			);
			path = DataServices;
			sourceTree = "<group>";
		};
		8BB12C5628968C9300AE259B /* Models */ = {
			isa = PBXGroup;
			children = (
				8BB12C6328968CF900AE259B /* Location.swift */,
			);
			path = Models;
			sourceTree = "<group>";
		};
/* End PBXGroup section */

/* Begin PBXNativeTarget section */
		8B28EEA928968BAE00513597 /* Mosque-ios (iOS) */ = {
			isa = PBXNativeTarget;
			buildConfigurationList = 8B28EED328968BAE00513597 /* Build configuration list for PBXNativeTarget "Mosque-ios (iOS)" */;
			buildPhases = (
				8B28EEA628968BAE00513597 /* Sources */,
				8B28EEA728968BAE00513597 /* Frameworks */,
				8B28EEA828968BAE00513597 /* Resources */,
			);
			buildRules = (
			);
			dependencies = (
			);
			name = "Mosque-ios (iOS)";
			productName = "Mosque-ios (iOS)";
			productReference = 8B28EEAA28968BAE00513597 /* Mosque-ios.app */;
			productType = "com.apple.product-type.application";
		};
		8B28EEAF28968BAE00513597 /* Mosque-ios (macOS) */ = {
			isa = PBXNativeTarget;
			buildConfigurationList = 8B28EED628968BAE00513597 /* Build configuration list for PBXNativeTarget "Mosque-ios (macOS)" */;
			buildPhases = (
				8B28EEAC28968BAE00513597 /* Sources */,
				8B28EEAD28968BAE00513597 /* Frameworks */,
				8B28EEAE28968BAE00513597 /* Resources */,
			);
			buildRules = (
			);
			dependencies = (
			);
			name = "Mosque-ios (macOS)";
			productName = "Mosque-ios (macOS)";
			productReference = 8B28EEB028968BAE00513597 /* Mosque-ios.app */;
			productType = "com.apple.product-type.application";
		};
		8B28EEB628968BAE00513597 /* Tests iOS */ = {
			isa = PBXNativeTarget;
			buildConfigurationList = 8B28EED928968BAE00513597 /* Build configuration list for PBXNativeTarget "Tests iOS" */;
			buildPhases = (
				8B28EEB328968BAE00513597 /* Sources */,
				8B28EEB428968BAE00513597 /* Frameworks */,
				8B28EEB528968BAE00513597 /* Resources */,
			);
			buildRules = (
			);
			dependencies = (
				8B28EEB928968BAE00513597 /* PBXTargetDependency */,
			);
			name = "Tests iOS";
			productName = "Tests iOS";
			productReference = 8B28EEB728968BAE00513597 /* Tests iOS.xctest */;
			productType = "com.apple.product-type.bundle.ui-testing";
		};
		8B28EEC228968BAE00513597 /* Tests macOS */ = {
			isa = PBXNativeTarget;
			buildConfigurationList = 8B28EEDC28968BAE00513597 /* Build configuration list for PBXNativeTarget "Tests macOS" */;
			buildPhases = (
				8B28EEBF28968BAE00513597 /* Sources */,
				8B28EEC028968BAE00513597 /* Frameworks */,
				8B28EEC128968BAE00513597 /* Resources */,
			);
			buildRules = (
			);
			dependencies = (
				8B28EEC528968BAE00513597 /* PBXTargetDependency */,
			);
			name = "Tests macOS";
			productName = "Tests macOS";
			productReference = 8B28EEC328968BAE00513597 /* Tests macOS.xctest */;
			productType = "com.apple.product-type.bundle.ui-testing";
		};
/* End PBXNativeTarget section */

/* Begin PBXProject section */
		8B28EE9E28968BAC00513597 /* Project object */ = {
			isa = PBXProject;
			attributes = {
				BuildIndependentTargetsInParallel = 1;
				LastSwiftUpdateCheck = 1340;
				LastUpgradeCheck = 1340;
				TargetAttributes = {
					8B28EEA928968BAE00513597 = {
						CreatedOnToolsVersion = 13.4.1;
					};
					8B28EEAF28968BAE00513597 = {
						CreatedOnToolsVersion = 13.4.1;
					};
					8B28EEB628968BAE00513597 = {
						CreatedOnToolsVersion = 13.4.1;
						TestTargetID = 8B28EEA928968BAE00513597;
					};
					8B28EEC228968BAE00513597 = {
						CreatedOnToolsVersion = 13.4.1;
						TestTargetID = 8B28EEAF28968BAE00513597;
					};
				};
			};
			buildConfigurationList = 8B28EEA128968BAC00513597 /* Build configuration list for PBXProject "Mosque-ios" */;
			compatibilityVersion = "Xcode 13.0";
			developmentRegion = en;
			hasScannedForEncodings = 0;
			knownRegions = (
				en,
				Base,
			);
			mainGroup = 8B28EE9D28968BAC00513597;
			productRefGroup = 8B28EEAB28968BAE00513597 /* Products */;
			projectDirPath = "";
			projectRoot = "";
			targets = (
				8B28EEA928968BAE00513597 /* Mosque-ios (iOS) */,
				8B28EEAF28968BAE00513597 /* Mosque-ios (macOS) */,
				8B28EEB628968BAE00513597 /* Tests iOS */,
				8B28EEC228968BAE00513597 /* Tests macOS */,
			);
		};
/* End PBXProject section */

/* Begin PBXResourcesBuildPhase section */
		8B28EEA828968BAE00513597 /* Resources */ = {
			isa = PBXResourcesBuildPhase;
			buildActionMask = 2147483647;
			files = (
				8B28EECF28968BAE00513597 /* Assets.xcassets in Resources */,
			);
			runOnlyForDeploymentPostprocessing = 0;
		};
		8B28EEAE28968BAE00513597 /* Resources */ = {
			isa = PBXResourcesBuildPhase;
			buildActionMask = 2147483647;
			files = (
				8B28EED028968BAE00513597 /* Assets.xcassets in Resources */,
			);
			runOnlyForDeploymentPostprocessing = 0;
		};
		8B28EEB528968BAE00513597 /* Resources */ = {
			isa = PBXResourcesBuildPhase;
			buildActionMask = 2147483647;
			files = (
			);
			runOnlyForDeploymentPostprocessing = 0;
		};
		8B28EEC128968BAE00513597 /* Resources */ = {
			isa = PBXResourcesBuildPhase;
			buildActionMask = 2147483647;
			files = (
			);
			runOnlyForDeploymentPostprocessing = 0;
		};
/* End PBXResourcesBuildPhase section */

/* Begin PBXSourcesBuildPhase section */
		8B28EEA628968BAE00513597 /* Sources */ = {
			isa = PBXSourcesBuildPhase;
			buildActionMask = 2147483647;
			files = (
				8BB12C6228968CEF00AE259B /* LocationsDataServices.swift in Sources */,
				8B28EECD28968BAE00513597 /* ContentView.swift in Sources */,
				8BB12C5A28968CB300AE259B /* LocationsListView.swift in Sources */,
				8BB12C5828968CA100AE259B /* LocationView.swift in Sources */,
				8BB12C6428968CF900AE259B /* Location.swift in Sources */,
				8BB12C6028968CDC00AE259B /* LocationsViewModel.swift in Sources */,
				8BB12C5C28968CBD00AE259B /* LocationPreviewView.swift in Sources */,
				8BB12C5E28968CC900AE259B /* LocationMapAnnotionView.swift in Sources */,
				8B28EECB28968BAE00513597 /* Mosque_iosApp.swift in Sources */,
			);
			runOnlyForDeploymentPostprocessing = 0;
		};
		8B28EEAC28968BAE00513597 /* Sources */ = {
			isa = PBXSourcesBuildPhase;
			buildActionMask = 2147483647;
			files = (
				8B28EECE28968BAE00513597 /* ContentView.swift in Sources */,
				8B28EECC28968BAE00513597 /* Mosque_iosApp.swift in Sources */,
			);
			runOnlyForDeploymentPostprocessing = 0;
		};
		8B28EEB328968BAE00513597 /* Sources */ = {
			isa = PBXSourcesBuildPhase;
			buildActionMask = 2147483647;
			files = (
			);
			runOnlyForDeploymentPostprocessing = 0;
		};
		8B28EEBF28968BAE00513597 /* Sources */ = {
			isa = PBXSourcesBuildPhase;
			buildActionMask = 2147483647;
			files = (
			);
			runOnlyForDeploymentPostprocessing = 0;
		};
/* End PBXSourcesBuildPhase section */

/* Begin PBXTargetDependency section */
		8B28EEB928968BAE00513597 /* PBXTargetDependency */ = {
			isa = PBXTargetDependency;
			target = 8B28EEA928968BAE00513597 /* Mosque-ios (iOS) */;
			targetProxy = 8B28EEB828968BAE00513597 /* PBXContainerItemProxy */;
		};
		8B28EEC528968BAE00513597 /* PBXTargetDependency */ = {
			isa = PBXTargetDependency;
			target = 8B28EEAF28968BAE00513597 /* Mosque-ios (macOS) */;
			targetProxy = 8B28EEC428968BAE00513597 /* PBXContainerItemProxy */;
		};
/* End PBXTargetDependency section */

/* Begin XCBuildConfiguration section */
		8B28EED128968BAE00513597 /* Debug */ = {
			isa = XCBuildConfiguration;
			buildSettings = {
				ALWAYS_SEARCH_USER_PATHS = NO;
				CLANG_ANALYZER_NONNULL = YES;
				CLANG_ANALYZER_NUMBER_OBJECT_CONVERSION = YES_AGGRESSIVE;
				CLANG_CXX_LANGUAGE_STANDARD = "gnu++17";
				CLANG_ENABLE_MODULES = YES;
				CLANG_ENABLE_OBJC_ARC = YES;
				CLANG_ENABLE_OBJC_WEAK = YES;
				CLANG_WARN_BLOCK_CAPTURE_AUTORELEASING = YES;
				CLANG_WARN_BOOL_CONVERSION = YES;
				CLANG_WARN_COMMA = YES;
				CLANG_WARN_CONSTANT_CONVERSION = YES;
				CLANG_WARN_DEPRECATED_OBJC_IMPLEMENTATIONS = YES;
				CLANG_WARN_DIRECT_OBJC_ISA_USAGE = YES_ERROR;
				CLANG_WARN_DOCUMENTATION_COMMENTS = YES;
				CLANG_WARN_EMPTY_BODY = YES;
				CLANG_WARN_ENUM_CONVERSION = YES;
				CLANG_WARN_INFINITE_RECURSION = YES;
				CLANG_WARN_INT_CONVERSION = YES;
				CLANG_WARN_NON_LITERAL_NULL_CONVERSION = YES;
				CLANG_WARN_OBJC_IMPLICIT_RETAIN_SELF = YES;
				CLANG_WARN_OBJC_LITERAL_CONVERSION = YES;
				CLANG_WARN_OBJC_ROOT_CLASS = YES_ERROR;
				CLANG_WARN_QUOTED_INCLUDE_IN_FRAMEWORK_HEADER = YES;
				CLANG_WARN_RANGE_LOOP_ANALYSIS = YES;
				CLANG_WARN_STRICT_PROTOTYPES = YES;
				CLANG_WARN_SUSPICIOUS_MOVE = YES;
				CLANG_WARN_UNGUARDED_AVAILABILITY = YES_AGGRESSIVE;
				CLANG_WARN_UNREACHABLE_CODE = YES;
				CLANG_WARN__DUPLICATE_METHOD_MATCH = YES;
				COPY_PHASE_STRIP = NO;
				DEBUG_INFORMATION_FORMAT = dwarf;
				ENABLE_STRICT_OBJC_MSGSEND = YES;
				ENABLE_TESTABILITY = YES;
				GCC_C_LANGUAGE_STANDARD = gnu11;
				GCC_DYNAMIC_NO_PIC = NO;
				GCC_NO_COMMON_BLOCKS = YES;
				GCC_OPTIMIZATION_LEVEL = 0;
				GCC_PREPROCESSOR_DEFINITIONS = (
					"DEBUG=1",
					"$(inherited)",
				);
				GCC_WARN_64_TO_32_BIT_CONVERSION = YES;
				GCC_WARN_ABOUT_RETURN_TYPE = YES_ERROR;
				GCC_WARN_UNDECLARED_SELECTOR = YES;
				GCC_WARN_UNINITIALIZED_AUTOS = YES_AGGRESSIVE;
				GCC_WARN_UNUSED_FUNCTION = YES;
				GCC_WARN_UNUSED_VARIABLE = YES;
				IPHONEOS_DEPLOYMENT_TARGET = 15.5;
				MTL_ENABLE_DEBUG_INFO = INCLUDE_SOURCE;
				MTL_FAST_MATH = YES;
				ONLY_ACTIVE_ARCH = YES;
				SWIFT_ACTIVE_COMPILATION_CONDITIONS = DEBUG;
				SWIFT_OPTIMIZATION_LEVEL = "-Onone";
			};
			name = Debug;
		};
		8B28EED228968BAE00513597 /* Release */ = {
			isa = XCBuildConfiguration;
			buildSettings = {
				ALWAYS_SEARCH_USER_PATHS = NO;
				CLANG_ANALYZER_NONNULL = YES;
				CLANG_ANALYZER_NUMBER_OBJECT_CONVERSION = YES_AGGRESSIVE;
				CLANG_CXX_LANGUAGE_STANDARD = "gnu++17";
				CLANG_ENABLE_MODULES = YES;
				CLANG_ENABLE_OBJC_ARC = YES;
				CLANG_ENABLE_OBJC_WEAK = YES;
				CLANG_WARN_BLOCK_CAPTURE_AUTORELEASING = YES;
				CLANG_WARN_BOOL_CONVERSION = YES;
				CLANG_WARN_COMMA = YES;
				CLANG_WARN_CONSTANT_CONVERSION = YES;
				CLANG_WARN_DEPRECATED_OBJC_IMPLEMENTATIONS = YES;
				CLANG_WARN_DIRECT_OBJC_ISA_USAGE = YES_ERROR;
				CLANG_WARN_DOCUMENTATION_COMMENTS = YES;
				CLANG_WARN_EMPTY_BODY = YES;
				CLANG_WARN_ENUM_CONVERSION = YES;
				CLANG_WARN_INFINITE_RECURSION = YES;
				CLANG_WARN_INT_CONVERSION = YES;
				CLANG_WARN_NON_LITERAL_NULL_CONVERSION = YES;
				CLANG_WARN_OBJC_IMPLICIT_RETAIN_SELF = YES;
				CLANG_WARN_OBJC_LITERAL_CONVERSION = YES;
				CLANG_WARN_OBJC_ROOT_CLASS = YES_ERROR;
				CLANG_WARN_QUOTED_INCLUDE_IN_FRAMEWORK_HEADER = YES;
				CLANG_WARN_RANGE_LOOP_ANALYSIS = YES;
				CLANG_WARN_STRICT_PROTOTYPES = YES;
				CLANG_WARN_SUSPICIOUS_MOVE = YES;
				CLANG_WARN_UNGUARDED_AVAILABILITY = YES_AGGRESSIVE;
				CLANG_WARN_UNREACHABLE_CODE = YES;
				CLANG_WARN__DUPLICATE_METHOD_MATCH = YES;
				COPY_PHASE_STRIP = NO;
				DEBUG_INFORMATION_FORMAT = "dwarf-with-dsym";
				ENABLE_NS_ASSERTIONS = NO;
				ENABLE_STRICT_OBJC_MSGSEND = YES;
				GCC_C_LANGUAGE_STANDARD = gnu11;
				GCC_NO_COMMON_BLOCKS = YES;
				GCC_WARN_64_TO_32_BIT_CONVERSION = YES;
				GCC_WARN_ABOUT_RETURN_TYPE = YES_ERROR;
				GCC_WARN_UNDECLARED_SELECTOR = YES;
				GCC_WARN_UNINITIALIZED_AUTOS = YES_AGGRESSIVE;
				GCC_WARN_UNUSED_FUNCTION = YES;
				GCC_WARN_UNUSED_VARIABLE = YES;
				IPHONEOS_DEPLOYMENT_TARGET = 15.5;
				MTL_ENABLE_DEBUG_INFO = NO;
				MTL_FAST_MATH = YES;
				SWIFT_COMPILATION_MODE = wholemodule;
				SWIFT_OPTIMIZATION_LEVEL = "-O";
			};
			name = Release;
		};
		8B28EED428968BAE00513597 /* Debug */ = {
			isa = XCBuildConfiguration;
			buildSettings = {
				ASSETCATALOG_COMPILER_GLOBAL_ACCENT_COLOR_NAME = AccentColor;
				CODE_SIGN_STYLE = Automatic;
				CURRENT_PROJECT_VERSION = 1;
				DEVELOPMENT_TEAM = 73DJK9R2PB;
				ENABLE_PREVIEWS = YES;
				GENERATE_INFOPLIST_FILE = YES;
				INFOPLIST_KEY_UIApplicationSceneManifest_Generation = YES;
				INFOPLIST_KEY_UIApplicationSupportsIndirectInputEvents = YES;
				INFOPLIST_KEY_UILaunchScreen_Generation = YES;
				INFOPLIST_KEY_UISupportedInterfaceOrientations_iPad = "UIInterfaceOrientationPortrait UIInterfaceOrientationPortraitUpsideDown UIInterfaceOrientationLandscapeLeft UIInterfaceOrientationLandscapeRight";
				INFOPLIST_KEY_UISupportedInterfaceOrientations_iPhone = "UIInterfaceOrientationPortrait UIInterfaceOrientationLandscapeLeft UIInterfaceOrientationLandscapeRight";
				IPHONEOS_DEPLOYMENT_TARGET = 15.5;
				LD_RUNPATH_SEARCH_PATHS = (
					"$(inherited)",
					"@executable_path/Frameworks",
				);
				MARKETING_VERSION = 1.0;
				PRODUCT_BUNDLE_IDENTIFIER = "mosuq-ios.Mosque-ios";
				PRODUCT_NAME = "Mosque-ios";
				SDKROOT = iphoneos;
				SWIFT_EMIT_LOC_STRINGS = YES;
				SWIFT_VERSION = 5.0;
				TARGETED_DEVICE_FAMILY = "1,2";
			};
			name = Debug;
		};
		8B28EED528968BAE00513597 /* Release */ = {
			isa = XCBuildConfiguration;
			buildSettings = {
				ASSETCATALOG_COMPILER_GLOBAL_ACCENT_COLOR_NAME = AccentColor;
				CODE_SIGN_STYLE = Automatic;
				CURRENT_PROJECT_VERSION = 1;
				DEVELOPMENT_TEAM = 73DJK9R2PB;
				ENABLE_PREVIEWS = YES;
				GENERATE_INFOPLIST_FILE = YES;
				INFOPLIST_KEY_UIApplicationSceneManifest_Generation = YES;
				INFOPLIST_KEY_UIApplicationSupportsIndirectInputEvents = YES;
				INFOPLIST_KEY_UILaunchScreen_Generation = YES;
				INFOPLIST_KEY_UISupportedInterfaceOrientations_iPad = "UIInterfaceOrientationPortrait UIInterfaceOrientationPortraitUpsideDown UIInterfaceOrientationLandscapeLeft UIInterfaceOrientationLandscapeRight";
				INFOPLIST_KEY_UISupportedInterfaceOrientations_iPhone = "UIInterfaceOrientationPortrait UIInterfaceOrientationLandscapeLeft UIInterfaceOrientationLandscapeRight";
				IPHONEOS_DEPLOYMENT_TARGET = 15.5;
				LD_RUNPATH_SEARCH_PATHS = (
					"$(inherited)",
					"@executable_path/Frameworks",
				);
				MARKETING_VERSION = 1.0;
				PRODUCT_BUNDLE_IDENTIFIER = "mosuq-ios.Mosque-ios";
				PRODUCT_NAME = "Mosque-ios";
				SDKROOT = iphoneos;
				SWIFT_EMIT_LOC_STRINGS = YES;
				SWIFT_VERSION = 5.0;
				TARGETED_DEVICE_FAMILY = "1,2";
				VALIDATE_PRODUCT = YES;
			};
			name = Release;
		};
		8B28EED728968BAE00513597 /* Debug */ = {
			isa = XCBuildConfiguration;
			buildSettings = {
				ASSETCATALOG_COMPILER_APPICON_NAME = AppIcon;
				ASSETCATALOG_COMPILER_GLOBAL_ACCENT_COLOR_NAME = AccentColor;
				CODE_SIGN_ENTITLEMENTS = macOS/macOS.entitlements;
				CODE_SIGN_STYLE = Automatic;
				COMBINE_HIDPI_IMAGES = YES;
				CURRENT_PROJECT_VERSION = 1;
				DEVELOPMENT_TEAM = 73DJK9R2PB;
				ENABLE_HARDENED_RUNTIME = YES;
				ENABLE_PREVIEWS = YES;
				GENERATE_INFOPLIST_FILE = YES;
				INFOPLIST_KEY_NSHumanReadableCopyright = "";
				LD_RUNPATH_SEARCH_PATHS = (
					"$(inherited)",
					"@executable_path/../Frameworks",
				);
				MACOSX_DEPLOYMENT_TARGET = 12.3;
				MARKETING_VERSION = 1.0;
				PRODUCT_BUNDLE_IDENTIFIER = "mosuq-ios.Mosque-ios";
				PRODUCT_NAME = "Mosque-ios";
				SDKROOT = macosx;
				SWIFT_EMIT_LOC_STRINGS = YES;
				SWIFT_VERSION = 5.0;
			};
			name = Debug;
		};
		8B28EED828968BAE00513597 /* Release */ = {
			isa = XCBuildConfiguration;
			buildSettings = {
				ASSETCATALOG_COMPILER_APPICON_NAME = AppIcon;
				ASSETCATALOG_COMPILER_GLOBAL_ACCENT_COLOR_NAME = AccentColor;
				CODE_SIGN_ENTITLEMENTS = macOS/macOS.entitlements;
				CODE_SIGN_STYLE = Automatic;
				COMBINE_HIDPI_IMAGES = YES;
				CURRENT_PROJECT_VERSION = 1;
				DEVELOPMENT_TEAM = 73DJK9R2PB;
				ENABLE_HARDENED_RUNTIME = YES;
				ENABLE_PREVIEWS = YES;
				GENERATE_INFOPLIST_FILE = YES;
				INFOPLIST_KEY_NSHumanReadableCopyright = "";
				LD_RUNPATH_SEARCH_PATHS = (
					"$(inherited)",
					"@executable_path/../Frameworks",
				);
				MACOSX_DEPLOYMENT_TARGET = 12.3;
				MARKETING_VERSION = 1.0;
				PRODUCT_BUNDLE_IDENTIFIER = "mosuq-ios.Mosque-ios";
				PRODUCT_NAME = "Mosque-ios";
				SDKROOT = macosx;
				SWIFT_EMIT_LOC_STRINGS = YES;
				SWIFT_VERSION = 5.0;
			};
			name = Release;
		};
		8B28EEDA28968BAE00513597 /* Debug */ = {
			isa = XCBuildConfiguration;
			buildSettings = {
				ALWAYS_EMBED_SWIFT_STANDARD_LIBRARIES = YES;
				CODE_SIGN_STYLE = Automatic;
				CURRENT_PROJECT_VERSION = 1;
				DEVELOPMENT_TEAM = 73DJK9R2PB;
				GENERATE_INFOPLIST_FILE = YES;
				IPHONEOS_DEPLOYMENT_TARGET = 15.5;
				MARKETING_VERSION = 1.0;
				PRODUCT_BUNDLE_IDENTIFIER = "mosuq-ios.Tests-iOS";
				PRODUCT_NAME = "$(TARGET_NAME)";
				SDKROOT = iphoneos;
				SWIFT_EMIT_LOC_STRINGS = NO;
				SWIFT_VERSION = 5.0;
				TARGETED_DEVICE_FAMILY = "1,2";
				TEST_TARGET_NAME = "Mosque-ios (iOS)";
			};
			name = Debug;
		};
		8B28EEDB28968BAE00513597 /* Release */ = {
			isa = XCBuildConfiguration;
			buildSettings = {
				ALWAYS_EMBED_SWIFT_STANDARD_LIBRARIES = YES;
				CODE_SIGN_STYLE = Automatic;
				CURRENT_PROJECT_VERSION = 1;
				DEVELOPMENT_TEAM = 73DJK9R2PB;
				GENERATE_INFOPLIST_FILE = YES;
				IPHONEOS_DEPLOYMENT_TARGET = 15.5;
				MARKETING_VERSION = 1.0;
				PRODUCT_BUNDLE_IDENTIFIER = "mosuq-ios.Tests-iOS";
				PRODUCT_NAME = "$(TARGET_NAME)";
				SDKROOT = iphoneos;
				SWIFT_EMIT_LOC_STRINGS = NO;
				SWIFT_VERSION = 5.0;
				TARGETED_DEVICE_FAMILY = "1,2";
				TEST_TARGET_NAME = "Mosque-ios (iOS)";
				VALIDATE_PRODUCT = YES;
			};
			name = Release;
		};
		8B28EEDD28968BAE00513597 /* Debug */ = {
			isa = XCBuildConfiguration;
			buildSettings = {
				ALWAYS_EMBED_SWIFT_STANDARD_LIBRARIES = YES;
				CODE_SIGN_STYLE = Automatic;
				CURRENT_PROJECT_VERSION = 1;
				DEVELOPMENT_TEAM = 73DJK9R2PB;
				GENERATE_INFOPLIST_FILE = YES;
				MACOSX_DEPLOYMENT_TARGET = 12.3;
				MARKETING_VERSION = 1.0;
				PRODUCT_BUNDLE_IDENTIFIER = "mosuq-ios.Tests-macOS";
				PRODUCT_NAME = "$(TARGET_NAME)";
				SDKROOT = macosx;
				SWIFT_EMIT_LOC_STRINGS = NO;
				SWIFT_VERSION = 5.0;
				TEST_TARGET_NAME = "Mosque-ios (macOS)";
			};
			name = Debug;
		};
		8B28EEDE28968BAE00513597 /* Release */ = {
			isa = XCBuildConfiguration;
			buildSettings = {
				ALWAYS_EMBED_SWIFT_STANDARD_LIBRARIES = YES;
				CODE_SIGN_STYLE = Automatic;
				CURRENT_PROJECT_VERSION = 1;
				DEVELOPMENT_TEAM = 73DJK9R2PB;
				GENERATE_INFOPLIST_FILE = YES;
				MACOSX_DEPLOYMENT_TARGET = 12.3;
				MARKETING_VERSION = 1.0;
				PRODUCT_BUNDLE_IDENTIFIER = "mosuq-ios.Tests-macOS";
				PRODUCT_NAME = "$(TARGET_NAME)";
				SDKROOT = macosx;
				SWIFT_EMIT_LOC_STRINGS = NO;
				SWIFT_VERSION = 5.0;
				TEST_TARGET_NAME = "Mosque-ios (macOS)";
			};
			name = Release;
		};
/* End XCBuildConfiguration section */

/* Begin XCConfigurationList section */
		8B28EEA128968BAC00513597 /* Build configuration list for PBXProject "Mosque-ios" */ = {
			isa = XCConfigurationList;
			buildConfigurations = (
				8B28EED128968BAE00513597 /* Debug */,
				8B28EED228968BAE00513597 /* Release */,
			);
			defaultConfigurationIsVisible = 0;
			defaultConfigurationName = Release;
		};
		8B28EED328968BAE00513597 /* Build configuration list for PBXNativeTarget "Mosque-ios (iOS)" */ = {
			isa = XCConfigurationList;
			buildConfigurations = (
				8B28EED428968BAE00513597 /* Debug */,
				8B28EED528968BAE00513597 /* Release */,
			);
			defaultConfigurationIsVisible = 0;
			defaultConfigurationName = Release;
		};
		8B28EED628968BAE00513597 /* Build configuration list for PBXNativeTarget "Mosque-ios (macOS)" */ = {
			isa = XCConfigurationList;
			buildConfigurations = (
				8B28EED728968BAE00513597 /* Debug */,
				8B28EED828968BAE00513597 /* Release */,
			);
			defaultConfigurationIsVisible = 0;
			defaultConfigurationName = Release;
		};
		8B28EED928968BAE00513597 /* Build configuration list for PBXNativeTarget "Tests iOS" */ = {
			isa = XCConfigurationList;
			buildConfigurations = (
				8B28EEDA28968BAE00513597 /* Debug */,
				8B28EEDB28968BAE00513597 /* Release */,
			);
			defaultConfigurationIsVisible = 0;
			defaultConfigurationName = Release;
		};
		8B28EEDC28968BAE00513597 /* Build configuration list for PBXNativeTarget "Tests macOS" */ = {
			isa = XCConfigurationList;
			buildConfigurations = (
				8B28EEDD28968BAE00513597 /* Debug */,
				8B28EEDE28968BAE00513597 /* Release */,
			);
			defaultConfigurationIsVisible = 0;
			defaultConfigurationName = Release;
		};
/* End XCConfigurationList section */
	};
	rootObject = 8B28EE9E28968BAC00513597 /* Project object */;
}
